// !$*UTF8*$!
{
	archiveVersion = 1;
	classes = {
	};
	objectVersion = 56;
	objects = {

/* Begin PBXBuildFile section */
		100000000000000000000101 /* App/EmailApp.swift in Sources */ = {isa = PBXBuildFile; fileRef = 100000000000000000000201 /* App/EmailApp.swift */; };
		100000000000000000000102 /* Models/MailModels.swift in Sources */ = {isa = PBXBuildFile; fileRef = 100000000000000000000202 /* Models/MailModels.swift */; };
		100000000000000000000103 /* Services/MailAPIClient.swift in Sources */ = {isa = PBXBuildFile; fileRef = 100000000000000000000203 /* Services/MailAPIClient.swift */; };
		100000000000000000000120 /* Services/LocalServerController.swift in Sources */ = {isa = PBXBuildFile; fileRef = 100000000000000000000212 /* Services/LocalServerController.swift */; };
		100000000000000000000122 /* Services/SoftwareUpdateController.swift in Sources */ = {isa = PBXBuildFile; fileRef = 100000000000000000000213 /* Services/SoftwareUpdateController.swift */; };
		100000000000000000000104 /* Stores/AppModel.swift in Sources */ = {isa = PBXBuildFile; fileRef = 100000000000000000000204 /* Stores/AppModel.swift */; };
		100000000000000000000105 /* Support/Formatters.swift in Sources */ = {isa = PBXBuildFile; fileRef = 100000000000000000000205 /* Support/Formatters.swift */; };
		100000000000000000000106 /* Views/AvatarView.swift in Sources */ = {isa = PBXBuildFile; fileRef = 100000000000000000000206 /* Views/AvatarView.swift */; };
		100000000000000000000107 /* Views/LabelChip.swift in Sources */ = {isa = PBXBuildFile; fileRef = 100000000000000000000207 /* Views/LabelChip.swift */; };
		100000000000000000000108 /* Views/RootView.swift in Sources */ = {isa = PBXBuildFile; fileRef = 100000000000000000000208 /* Views/RootView.swift */; };
		100000000000000000000109 /* Views/SidebarView.swift in Sources */ = {isa = PBXBuildFile; fileRef = 100000000000000000000209 /* Views/SidebarView.swift */; };
		10000000000000000000010A /* Views/EmailListView.swift in Sources */ = {isa = PBXBuildFile; fileRef = 10000000000000000000020A /* Views/EmailListView.swift */; };
		10000000000000000000010B /* Views/EmailPreviewView.swift in Sources */ = {isa = PBXBuildFile; fileRef = 10000000000000000000020B /* Views/EmailPreviewView.swift */; };
		10000000000000000000010C /* Views/ComposeView.swift in Sources */ = {isa = PBXBuildFile; fileRef = 10000000000000000000020C /* Views/ComposeView.swift */; };
		10000000000000000000010D /* Views/AddAccountView.swift in Sources */ = {isa = PBXBuildFile; fileRef = 10000000000000000000020D /* Views/AddAccountView.swift */; };
		10000000000000000000010E /* Views/SettingsView.swift in Sources */ = {isa = PBXBuildFile; fileRef = 10000000000000000000020E /* Views/SettingsView.swift */; };
		10000000000000000000010F /* ../Resources/Assets.xcassets in Resources */ = {isa = PBXBuildFile; fileRef = 10000000000000000000020F /* ../Resources/Assets.xcassets */; };
		100000000000000000000121 /* Sparkle in Frameworks */ = {isa = PBXBuildFile; productRef = 100000000000000000000901 /* Sparkle */; };
		100000000000000000000111 /* App/EmailApp.swift in Sources */ = {isa = PBXBuildFile; fileRef = 100000000000000000000201 /* App/EmailApp.swift */; };
		100000000000000000000112 /* Models/MailModels.swift in Sources */ = {isa = PBXBuildFile; fileRef = 100000000000000000000202 /* Models/MailModels.swift */; };
		100000000000000000000113 /* Services/MailAPIClient.swift in Sources */ = {isa = PBXBuildFile; fileRef = 100000000000000000000203 /* Services/MailAPIClient.swift */; };
		100000000000000000000114 /* Stores/AppModel.swift in Sources */ = {isa = PBXBuildFile; fileRef = 100000000000000000000204 /* Stores/AppModel.swift */; };
		100000000000000000000115 /* Support/Formatters.swift in Sources */ = {isa = PBXBuildFile; fileRef = 100000000000000000000205 /* Support/Formatters.swift */; };
		100000000000000000000116 /* Views/AvatarView.swift in Sources */ = {isa = PBXBuildFile; fileRef = 100000000000000000000206 /* Views/AvatarView.swift */; };
		100000000000000000000117 /* Views/LabelChip.swift in Sources */ = {isa = PBXBuildFile; fileRef = 100000000000000000000207 /* Views/LabelChip.swift */; };
		100000000000000000000118 /* Views/RootView.swift in Sources */ = {isa = PBXBuildFile; fileRef = 100000000000000000000208 /* Views/RootView.swift */; };
		100000000000000000000119 /* Views/SidebarView.swift in Sources */ = {isa = PBXBuildFile; fileRef = 100000000000000000000209 /* Views/SidebarView.swift */; };
		10000000000000000000011A /* Views/EmailListView.swift in Sources */ = {isa = PBXBuildFile; fileRef = 10000000000000000000020A /* Views/EmailListView.swift */; };
		10000000000000000000011B /* Views/EmailPreviewView.swift in Sources */ = {isa = PBXBuildFile; fileRef = 10000000000000000000020B /* Views/EmailPreviewView.swift */; };
		10000000000000000000011C /* Views/ComposeView.swift in Sources */ = {isa = PBXBuildFile; fileRef = 10000000000000000000020C /* Views/ComposeView.swift */; };
		10000000000000000000011D /* Views/AddAccountView.swift in Sources */ = {isa = PBXBuildFile; fileRef = 10000000000000000000020D /* Views/AddAccountView.swift */; };
		10000000000000000000011E /* Views/SettingsView.swift in Sources */ = {isa = PBXBuildFile; fileRef = 10000000000000000000020E /* Views/SettingsView.swift */; };
		10000000000000000000011F /* ../Resources/Assets.xcassets in Resources */ = {isa = PBXBuildFile; fileRef = 10000000000000000000020F /* ../Resources/Assets.xcassets */; };
/* End PBXBuildFile section */

/* Begin PBXFileReference section */
		100000000000000000000201 /* App/EmailApp.swift */ = {isa = PBXFileReference; lastKnownFileType = sourcecode.swift; path = App/EmailApp.swift; sourceTree = "<group>"; };
		100000000000000000000202 /* Models/MailModels.swift */ = {isa = PBXFileReference; lastKnownFileType = sourcecode.swift; path = Models/MailModels.swift; sourceTree = "<group>"; };
		100000000000000000000203 /* Services/MailAPIClient.swift */ = {isa = PBXFileReference; lastKnownFileType = sourcecode.swift; path = Services/MailAPIClient.swift; sourceTree = "<group>"; };
		100000000000000000000212 /* Services/LocalServerController.swift */ = {isa = PBXFileReference; lastKnownFileType = sourcecode.swift; path = Services/LocalServerController.swift; sourceTree = "<group>"; };
		100000000000000000000213 /* Services/SoftwareUpdateController.swift */ = {isa = PBXFileReference; lastKnownFileType = sourcecode.swift; path = Services/SoftwareUpdateController.swift; sourceTree = "<group>"; };
		100000000000000000000204 /* Stores/AppModel.swift */ = {isa = PBXFileReference; lastKnownFileType = sourcecode.swift; path = Stores/AppModel.swift; sourceTree = "<group>"; };
		100000000000000000000205 /* Support/Formatters.swift */ = {isa = PBXFileReference; lastKnownFileType = sourcecode.swift; path = Support/Formatters.swift; sourceTree = "<group>"; };
		100000000000000000000206 /* Views/AvatarView.swift */ = {isa = PBXFileReference; lastKnownFileType = sourcecode.swift; path = Views/AvatarView.swift; sourceTree = "<group>"; };
		100000000000000000000207 /* Views/LabelChip.swift */ = {isa = PBXFileReference; lastKnownFileType = sourcecode.swift; path = Views/LabelChip.swift; sourceTree = "<group>"; };
		100000000000000000000208 /* Views/RootView.swift */ = {isa = PBXFileReference; lastKnownFileType = sourcecode.swift; path = Views/RootView.swift; sourceTree = "<group>"; };
		100000000000000000000209 /* Views/SidebarView.swift */ = {isa = PBXFileReference; lastKnownFileType = sourcecode.swift; path = Views/SidebarView.swift; sourceTree = "<group>"; };
		10000000000000000000020A /* Views/EmailListView.swift */ = {isa = PBXFileReference; lastKnownFileType = sourcecode.swift; path = Views/EmailListView.swift; sourceTree = "<group>"; };
		10000000000000000000020B /* Views/EmailPreviewView.swift */ = {isa = PBXFileReference; lastKnownFileType = sourcecode.swift; path = Views/EmailPreviewView.swift; sourceTree = "<group>"; };
		10000000000000000000020C /* Views/ComposeView.swift */ = {isa = PBXFileReference; lastKnownFileType = sourcecode.swift; path = Views/ComposeView.swift; sourceTree = "<group>"; };
		10000000000000000000020D /* Views/AddAccountView.swift */ = {isa = PBXFileReference; lastKnownFileType = sourcecode.swift; path = Views/AddAccountView.swift; sourceTree = "<group>"; };
		10000000000000000000020E /* Views/SettingsView.swift */ = {isa = PBXFileReference; lastKnownFileType = sourcecode.swift; path = Views/SettingsView.swift; sourceTree = "<group>"; };
		10000000000000000000020F /* ../Resources/Assets.xcassets */ = {isa = PBXFileReference; lastKnownFileType = folder.assetcatalog; path = ../Resources/Assets.xcassets; sourceTree = "<group>"; };
		100000000000000000000210 /* Email.app */ = {isa = PBXFileReference; explicitFileType = wrapper.application; includeInIndex = 0; path = Email.app; sourceTree = BUILT_PRODUCTS_DIR; };
		100000000000000000000211 /* Email.app */ = {isa = PBXFileReference; explicitFileType = wrapper.application; includeInIndex = 0; path = Email.app; sourceTree = BUILT_PRODUCTS_DIR; };
/* End PBXFileReference section */

/* Begin PBXFrameworksBuildPhase section */
		100000000000000000000301 /* Frameworks */ = {
			isa = PBXFrameworksBuildPhase;
			buildActionMask = 2147483647;
			files = (
				100000000000000000000121 /* Sparkle in Frameworks */,
			);
			runOnlyForDeploymentPostprocessing = 0;
		};
		100000000000000000000302 /* Frameworks */ = {
			isa = PBXFrameworksBuildPhase;
			buildActionMask = 2147483647;
			files = (
			);
			runOnlyForDeploymentPostprocessing = 0;
		};
/* End PBXFrameworksBuildPhase section */

/* Begin PBXGroup section */
		100000000000000000000401 = {
			isa = PBXGroup;
			children = (
				100000000000000000000402 /* Email */,
				100000000000000000000403 /* Products */,
			);
			sourceTree = "<group>";
		};
		100000000000000000000402 /* Email */ = {
			isa = PBXGroup;
			children = (
				100000000000000000000404 /* Shared */,
			);
			path = Email;
			sourceTree = "<group>";
		};
		100000000000000000000403 /* Products */ = {
			isa = PBXGroup;
			children = (
				100000000000000000000210 /* Email.app */,
				100000000000000000000211 /* Email.app */,
			);
			name = Products;
			sourceTree = "<group>";
		};
		100000000000000000000404 /* Shared */ = {
			isa = PBXGroup;
			children = (
				100000000000000000000201 /* App/EmailApp.swift */,
				100000000000000000000202 /* Models/MailModels.swift */,
				100000000000000000000203 /* Services/MailAPIClient.swift */,
				100000000000000000000212 /* Services/LocalServerController.swift */,
				100000000000000000000213 /* Services/SoftwareUpdateController.swift */,
				100000000000000000000204 /* Stores/AppModel.swift */,
				100000000000000000000205 /* Support/Formatters.swift */,
				100000000000000000000206 /* Views/AvatarView.swift */,
				100000000000000000000207 /* Views/LabelChip.swift */,
				100000000000000000000208 /* Views/RootView.swift */,
				100000000000000000000209 /* Views/SidebarView.swift */,
				10000000000000000000020A /* Views/EmailListView.swift */,
				10000000000000000000020B /* Views/EmailPreviewView.swift */,
				10000000000000000000020C /* Views/ComposeView.swift */,
				10000000000000000000020D /* Views/AddAccountView.swift */,
				10000000000000000000020E /* Views/SettingsView.swift */,
				10000000000000000000020F /* ../Resources/Assets.xcassets */,
			);
			path = Shared;
			sourceTree = "<group>";
		};
/* End PBXGroup section */

/* Begin PBXNativeTarget section */
		100000000000000000000501 /* EmailMac */ = {
			isa = PBXNativeTarget;
			buildConfigurationList = 100000000000000000000701 /* Build configuration list for PBXNativeTarget "EmailMac" */;
			buildPhases = (
				100000000000000000000601 /* Sources */,
				100000000000000000000301 /* Frameworks */,
				100000000000000000000603 /* Resources */,
			);
			buildRules = (
			);
			dependencies = (
			);
			name = EmailMac;
			packageProductDependencies = (
				100000000000000000000901 /* Sparkle */,
			);
			productName = Email;
			productReference = 100000000000000000000210 /* Email.app */;
			productType = "com.apple.product-type.application";
		};
		100000000000000000000502 /* EmailiOS */ = {
			isa = PBXNativeTarget;
			buildConfigurationList = 100000000000000000000702 /* Build configuration list for PBXNativeTarget "EmailiOS" */;
			buildPhases = (
				100000000000000000000602 /* Sources */,
				100000000000000000000302 /* Frameworks */,
				100000000000000000000604 /* Resources */,
			);
			buildRules = (
			);
			dependencies = (
			);
			name = EmailiOS;
			productName = Email;
			productReference = 100000000000000000000211 /* Email.app */;
			productType = "com.apple.product-type.application";
		};
/* End PBXNativeTarget section */

/* Begin PBXProject section */
		100000000000000000000001 /* Project object */ = {
			isa = PBXProject;
			attributes = {
				BuildIndependentTargetsInParallel = 1;
				LastSwiftUpdateCheck = 2650;
				LastUpgradeCheck = 2650;
				TargetAttributes = {
					100000000000000000000501 = {
						CreatedOnToolsVersion = 26.5;
					};
					100000000000000000000502 = {
						CreatedOnToolsVersion = 26.5;
					};
				};
			};
			buildConfigurationList = 100000000000000000000700 /* Build configuration list for PBXProject "Email" */;
			compatibilityVersion = "Xcode 14.0";
			developmentRegion = en;
			hasScannedForEncodings = 0;
			knownRegions = (
				en,
				Base,
			);
			mainGroup = 100000000000000000000401;
			packageReferences = (
				100000000000000000000900 /* XCRemoteSwiftPackageReference "Sparkle" */,
			);
			productRefGroup = 100000000000000000000403 /* Products */;
			projectDirPath = "";
			projectRoot = "";
			targets = (
				100000000000000000000501 /* EmailMac */,
				100000000000000000000502 /* EmailiOS */,
			);
		};
/* End PBXProject section */

/* Begin PBXResourcesBuildPhase section */
		100000000000000000000603 /* Resources */ = {
			isa = PBXResourcesBuildPhase;
			buildActionMask = 2147483647;
			files = (
				10000000000000000000010F /* ../Resources/Assets.xcassets in Resources */,
			);
			runOnlyForDeploymentPostprocessing = 0;
		};
		100000000000000000000604 /* Resources */ = {
			isa = PBXResourcesBuildPhase;
			buildActionMask = 2147483647;
			files = (
				10000000000000000000011F /* ../Resources/Assets.xcassets in Resources */,
			);
			runOnlyForDeploymentPostprocessing = 0;
		};
/* End PBXResourcesBuildPhase section */

/* Begin PBXSourcesBuildPhase section */
		100000000000000000000601 /* Sources */ = {
			isa = PBXSourcesBuildPhase;
			buildActionMask = 2147483647;
			files = (
				100000000000000000000101 /* App/EmailApp.swift in Sources */,
				100000000000000000000102 /* Models/MailModels.swift in Sources */,
				100000000000000000000103 /* Services/MailAPIClient.swift in Sources */,
				100000000000000000000120 /* Services/LocalServerController.swift in Sources */,
				100000000000000000000122 /* Services/SoftwareUpdateController.swift in Sources */,
				100000000000000000000104 /* Stores/AppModel.swift in Sources */,
				100000000000000000000105 /* Support/Formatters.swift in Sources */,
				100000000000000000000106 /* Views/AvatarView.swift in Sources */,
				100000000000000000000107 /* Views/LabelChip.swift in Sources */,
				100000000000000000000108 /* Views/RootView.swift in Sources */,
				100000000000000000000109 /* Views/SidebarView.swift in Sources */,
				10000000000000000000010A /* Views/EmailListView.swift in Sources */,
				10000000000000000000010B /* Views/EmailPreviewView.swift in Sources */,
				10000000000000000000010C /* Views/ComposeView.swift in Sources */,
				10000000000000000000010D /* Views/AddAccountView.swift in Sources */,
				10000000000000000000010E /* Views/SettingsView.swift in Sources */,
			);
			runOnlyForDeploymentPostprocessing = 0;
		};
		100000000000000000000602 /* Sources */ = {
			isa = PBXSourcesBuildPhase;
			buildActionMask = 2147483647;
			files = (
				100000000000000000000111 /* App/EmailApp.swift in Sources */,
				100000000000000000000112 /* Models/MailModels.swift in Sources */,
				100000000000000000000113 /* Services/MailAPIClient.swift in Sources */,
				100000000000000000000114 /* Stores/AppModel.swift in Sources */,
				100000000000000000000115 /* Support/Formatters.swift in Sources */,
				100000000000000000000116 /* Views/AvatarView.swift in Sources */,
				100000000000000000000117 /* Views/LabelChip.swift in Sources */,
				100000000000000000000118 /* Views/RootView.swift in Sources */,
				100000000000000000000119 /* Views/SidebarView.swift in Sources */,
				10000000000000000000011A /* Views/EmailListView.swift in Sources */,
				10000000000000000000011B /* Views/EmailPreviewView.swift in Sources */,
				10000000000000000000011C /* Views/ComposeView.swift in Sources */,
				10000000000000000000011D /* Views/AddAccountView.swift in Sources */,
				10000000000000000000011E /* Views/SettingsView.swift in Sources */,
			);
			runOnlyForDeploymentPostprocessing = 0;
		};
/* End PBXSourcesBuildPhase section */

/* Begin XCRemoteSwiftPackageReference section */
		100000000000000000000900 /* XCRemoteSwiftPackageReference "Sparkle" */ = {
			isa = XCRemoteSwiftPackageReference;
			repositoryURL = "https://github.com/sparkle-project/Sparkle";
			requirement = {
				kind = upToNextMajorVersion;
				minimumVersion = 2.9.2;
			};
		};
/* End XCRemoteSwiftPackageReference section */

/* Begin XCSwiftPackageProductDependency section */
		100000000000000000000901 /* Sparkle */ = {
			isa = XCSwiftPackageProductDependency;
			package = 100000000000000000000900 /* XCRemoteSwiftPackageReference "Sparkle" */;
			productName = Sparkle;
		};
/* End XCSwiftPackageProductDependency section */

/* Begin XCBuildConfiguration section */
		100000000000000000000801 /* Debug */ = {
			isa = XCBuildConfiguration;
			buildSettings = {
				ALWAYS_SEARCH_USER_PATHS = NO;
				CLANG_ANALYZER_NONNULL = YES;
				CLANG_ANALYZER_NUMBER_OBJECT_CONVERSION = YES_AGGRESSIVE;
				CLANG_CXX_LANGUAGE_STANDARD = "gnu++20";
				CLANG_ENABLE_MODULES = YES;
				CLANG_ENABLE_OBJC_ARC = YES;
				CLANG_ENABLE_OBJC_WEAK = YES;
				CLANG_WARN_BLOCK_CAPTURE_AUTORELEASING = YES;
				CLANG_WARN_BOOL_CONVERSION = YES;
				CLANG_WARN_COMMA = YES;
				CLANG_WARN_CONSTANT_CONVERSION = YES;
				CLANG_WARN_DEPRECATED_OBJC_IMPLEMENTATIONS = YES;
				CLANG_WARN_DIRECT_OBJC_ISA_USAGE = YES_ERROR;
				CLANG_WARN_DOCUMENTATION_COMMENTS = YES;
				CLANG_WARN_EMPTY_BODY = YES;
				CLANG_WARN_ENUM_CONVERSION = YES;
				CLANG_WARN_INFINITE_RECURSION = YES;
				CLANG_WARN_INT_CONVERSION = YES;
				CLANG_WARN_NON_LITERAL_NULL_CONVERSION = YES;
				CLANG_WARN_OBJC_IMPLICIT_RETAIN_SELF = YES;
				CLANG_WARN_OBJC_LITERAL_CONVERSION = YES;
				CLANG_WARN_OBJC_ROOT_CLASS = YES_ERROR;
				CLANG_WARN_QUOTED_INCLUDE_IN_FRAMEWORK_HEADER = YES;
				CLANG_WARN_RANGE_LOOP_ANALYSIS = YES;
				CLANG_WARN_STRICT_PROTOTYPES = YES;
				CLANG_WARN_SUSPICIOUS_MOVE = YES;
				CLANG_WARN_UNGUARDED_AVAILABILITY = YES_AGGRESSIVE;
				CLANG_WARN_UNREACHABLE_CODE = YES;
				CLANG_WARN__DUPLICATE_METHOD_MATCH = YES;
				COPY_PHASE_STRIP = NO;
				DEBUG_INFORMATION_FORMAT = dwarf;
				ENABLE_STRICT_OBJC_MSGSEND = YES;
				ENABLE_TESTABILITY = YES;
				GCC_C_LANGUAGE_STANDARD = gnu17;
				GCC_DYNAMIC_NO_PIC = NO;
				GCC_NO_COMMON_BLOCKS = YES;
				GCC_OPTIMIZATION_LEVEL = 0;
				GCC_PREPROCESSOR_DEFINITIONS = (
					"DEBUG=1",
					"$(inherited)",
				);
				GCC_WARN_64_TO_32_BIT_CONVERSION = YES;
				GCC_WARN_ABOUT_RETURN_TYPE = YES_ERROR;
				GCC_WARN_UNDECLARED_SELECTOR = YES;
				GCC_WARN_UNINITIALIZED_AUTOS = YES_AGGRESSIVE;
				GCC_WARN_UNUSED_FUNCTION = YES;
				GCC_WARN_UNUSED_VARIABLE = YES;
				LOCALIZATION_PREFERS_STRING_CATALOGS = YES;
				MTL_ENABLE_DEBUG_INFO = INCLUDE_SOURCE;
				MTL_FAST_MATH = YES;
				ONLY_ACTIVE_ARCH = YES;
				SDKROOT = auto;
				SWIFT_ACTIVE_COMPILATION_CONDITIONS = DEBUG;
				SWIFT_OPTIMIZATION_LEVEL = "-Onone";
				SWIFT_VERSION = 6.0;
			};
			name = Debug;
		};
		100000000000000000000802 /* Release */ = {
			isa = XCBuildConfiguration;
			buildSettings = {
				ALWAYS_SEARCH_USER_PATHS = NO;
				CLANG_ANALYZER_NONNULL = YES;
				CLANG_ANALYZER_NUMBER_OBJECT_CONVERSION = YES_AGGRESSIVE;
				CLANG_CXX_LANGUAGE_STANDARD = "gnu++20";
				CLANG_ENABLE_MODULES = YES;
				CLANG_ENABLE_OBJC_ARC = YES;
				CLANG_ENABLE_OBJC_WEAK = YES;
				CLANG_WARN_BLOCK_CAPTURE_AUTORELEASING = YES;
				CLANG_WARN_BOOL_CONVERSION = YES;
				CLANG_WARN_COMMA = YES;
				CLANG_WARN_CONSTANT_CONVERSION = YES;
				CLANG_WARN_DEPRECATED_OBJC_IMPLEMENTATIONS = YES;
				CLANG_WARN_DIRECT_OBJC_ISA_USAGE = YES_ERROR;
				CLANG_WARN_DOCUMENTATION_COMMENTS = YES;
				CLANG_WARN_EMPTY_BODY = YES;
				CLANG_WARN_ENUM_CONVERSION = YES;
				CLANG_WARN_INFINITE_RECURSION = YES;
				CLANG_WARN_INT_CONVERSION = YES;
				CLANG_WARN_NON_LITERAL_NULL_CONVERSION = YES;
				CLANG_WARN_OBJC_IMPLICIT_RETAIN_SELF = YES;
				CLANG_WARN_OBJC_LITERAL_CONVERSION = YES;
				CLANG_WARN_OBJC_ROOT_CLASS = YES_ERROR;
				CLANG_WARN_QUOTED_INCLUDE_IN_FRAMEWORK_HEADER = YES;
				CLANG_WARN_RANGE_LOOP_ANALYSIS = YES;
				CLANG_WARN_STRICT_PROTOTYPES = YES;
				CLANG_WARN_SUSPICIOUS_MOVE = YES;
				CLANG_WARN_UNGUARDED_AVAILABILITY = YES_AGGRESSIVE;
				CLANG_WARN_UNREACHABLE_CODE = YES;
				CLANG_WARN__DUPLICATE_METHOD_MATCH = YES;
				COPY_PHASE_STRIP = NO;
				DEBUG_INFORMATION_FORMAT = "dwarf-with-dsym";
				ENABLE_NS_ASSERTIONS = NO;
				ENABLE_STRICT_OBJC_MSGSEND = YES;
				GCC_C_LANGUAGE_STANDARD = gnu17;
				GCC_NO_COMMON_BLOCKS = YES;
				GCC_WARN_64_TO_32_BIT_CONVERSION = YES;
				GCC_WARN_ABOUT_RETURN_TYPE = YES_ERROR;
				GCC_WARN_UNDECLARED_SELECTOR = YES;
				GCC_WARN_UNINITIALIZED_AUTOS = YES_AGGRESSIVE;
				GCC_WARN_UNUSED_FUNCTION = YES;
				GCC_WARN_UNUSED_VARIABLE = YES;
				LOCALIZATION_PREFERS_STRING_CATALOGS = YES;
				MTL_ENABLE_DEBUG_INFO = NO;
				MTL_FAST_MATH = YES;
				SDKROOT = auto;
				SWIFT_COMPILATION_MODE = wholemodule;
				SWIFT_OPTIMIZATION_LEVEL = "-O";
				SWIFT_VERSION = 6.0;
				VALIDATE_PRODUCT = YES;
			};
			name = Release;
		};
		100000000000000000000803 /* Debug */ = {
			isa = XCBuildConfiguration;
			buildSettings = {
				ASSETCATALOG_COMPILER_APPICON_NAME = AppIcon;
				ASSETCATALOG_COMPILER_GLOBAL_ACCENT_COLOR_NAME = AccentColor;
				CODE_SIGNING_ALLOWED = NO;
				"CODE_SIGN_IDENTITY[sdk=macosx*]" = "Apple Development";
				CODE_SIGN_STYLE = Automatic;
				COMBINE_HIDPI_IMAGES = YES;
				CURRENT_PROJECT_VERSION = 1;
				DEVELOPMENT_TEAM = 32HQUBGF5H;
				EMAIL_DEFAULT_SERVER_URL = "http://127.0.0.1:7331";
				ENABLE_HARDENED_RUNTIME = YES;
				GENERATE_INFOPLIST_FILE = YES;
				INFOPLIST_FILE = Email/Resources/Info.plist;
				INFOPLIST_KEY_CFBundleDisplayName = Email;
				INFOPLIST_KEY_LSApplicationCategoryType = "public.app-category.productivity";
				LD_RUNPATH_SEARCH_PATHS = (
					"$(inherited)",
					"@executable_path/../Frameworks",
				);
				MACOSX_DEPLOYMENT_TARGET = 15.0;
				MARKETING_VERSION = 0.1.0;
				PRODUCT_BUNDLE_IDENTIFIER = com.borjadotai.email.mac;
				PRODUCT_NAME = Email;
				SDKROOT = macosx;
				SUPPORTED_PLATFORMS = macosx;
				SWIFT_EMIT_LOC_STRINGS = YES;
				SWIFT_VERSION = 6.0;
			};
			name = Debug;
		};
		100000000000000000000804 /* Release */ = {
			isa = XCBuildConfiguration;
			buildSettings = {
				ASSETCATALOG_COMPILER_APPICON_NAME = AppIcon;
				ASSETCATALOG_COMPILER_GLOBAL_ACCENT_COLOR_NAME = AccentColor;
				CODE_SIGNING_ALLOWED = NO;
				"CODE_SIGN_IDENTITY[sdk=macosx*]" = "Apple Development";
				CODE_SIGN_STYLE = Automatic;
				COMBINE_HIDPI_IMAGES = YES;
				CURRENT_PROJECT_VERSION = 1;
				DEVELOPMENT_TEAM = 32HQUBGF5H;
				EMAIL_DEFAULT_SERVER_URL = "http://127.0.0.1:7331";
				ENABLE_HARDENED_RUNTIME = YES;
				GENERATE_INFOPLIST_FILE = YES;
				INFOPLIST_FILE = Email/Resources/Info.plist;
				INFOPLIST_KEY_CFBundleDisplayName = Email;
				INFOPLIST_KEY_LSApplicationCategoryType = "public.app-category.productivity";
				LD_RUNPATH_SEARCH_PATHS = (
					"$(inherited)",
					"@executable_path/../Frameworks",
				);
				MACOSX_DEPLOYMENT_TARGET = 15.0;
				MARKETING_VERSION = 0.1.0;
				PRODUCT_BUNDLE_IDENTIFIER = com.borjadotai.email.mac;
				PRODUCT_NAME = Email;
				SDKROOT = macosx;
				SUPPORTED_PLATFORMS = macosx;
				SWIFT_EMIT_LOC_STRINGS = YES;
				SWIFT_VERSION = 6.0;
			};
			name = Release;
		};
		100000000000000000000805 /* Debug */ = {
			isa = XCBuildConfiguration;
			buildSettings = {
				ASSETCATALOG_COMPILER_APPICON_NAME = AppIcon;
				ASSETCATALOG_COMPILER_GLOBAL_ACCENT_COLOR_NAME = AccentColor;
				CODE_SIGNING_ALLOWED = YES;
				CODE_SIGN_STYLE = Automatic;
				CURRENT_PROJECT_VERSION = 1;
				DEVELOPMENT_TEAM = 32HQUBGF5H;
				EMAIL_DEFAULT_SERVER_URL = "http://space.local:7331";
				GENERATE_INFOPLIST_FILE = YES;
				INFOPLIST_FILE = Email/Resources/Info.plist;
				INFOPLIST_KEY_CFBundleDisplayName = Email;
				INFOPLIST_KEY_UILaunchScreen_Generation = YES;
				IPHONEOS_DEPLOYMENT_TARGET = 18.0;
				LD_RUNPATH_SEARCH_PATHS = (
					"$(inherited)",
					"@executable_path/Frameworks",
				);
				MARKETING_VERSION = 0.1.0;
				PRODUCT_BUNDLE_IDENTIFIER = com.borjadotai.email.ios;
				PRODUCT_NAME = Email;
				SDKROOT = iphoneos;
				SUPPORTED_PLATFORMS = "iphoneos iphonesimulator";
				SUPPORTS_MACCATALYST = NO;
				SUPPORTS_MAC_DESIGNED_FOR_IPHONE_IPAD = NO;
				SWIFT_EMIT_LOC_STRINGS = YES;
				SWIFT_VERSION = 6.0;
				TARGETED_DEVICE_FAMILY = "1,2";
			};
			name = Debug;
		};
		100000000000000000000806 /* Release */ = {
			isa = XCBuildConfiguration;
			buildSettings = {
				ASSETCATALOG_COMPILER_APPICON_NAME = AppIcon;
				ASSETCATALOG_COMPILER_GLOBAL_ACCENT_COLOR_NAME = AccentColor;
				CODE_SIGNING_ALLOWED = YES;
				CODE_SIGN_STYLE = Automatic;
				CURRENT_PROJECT_VERSION = 1;
				DEVELOPMENT_TEAM = 32HQUBGF5H;
				EMAIL_DEFAULT_SERVER_URL = "http://space.local:7331";
				GENERATE_INFOPLIST_FILE = YES;
				INFOPLIST_FILE = Email/Resources/Info.plist;
				INFOPLIST_KEY_CFBundleDisplayName = Email;
				INFOPLIST_KEY_UILaunchScreen_Generation = YES;
				IPHONEOS_DEPLOYMENT_TARGET = 18.0;
				LD_RUNPATH_SEARCH_PATHS = (
					"$(inherited)",
					"@executable_path/Frameworks",
				);
				MARKETING_VERSION = 0.1.0;
				PRODUCT_BUNDLE_IDENTIFIER = com.borjadotai.email.ios;
				PRODUCT_NAME = Email;
				SDKROOT = iphoneos;
				SUPPORTED_PLATFORMS = "iphoneos iphonesimulator";
				SUPPORTS_MACCATALYST = NO;
				SUPPORTS_MAC_DESIGNED_FOR_IPHONE_IPAD = NO;
				SWIFT_EMIT_LOC_STRINGS = YES;
				SWIFT_VERSION = 6.0;
				TARGETED_DEVICE_FAMILY = "1,2";
			};
			name = Release;
		};
/* End XCBuildConfiguration section */

/* Begin XCConfigurationList section */
		100000000000000000000700 /* Build configuration list for PBXProject "Email" */ = {
			isa = XCConfigurationList;
			buildConfigurations = (
				100000000000000000000801 /* Debug */,
				100000000000000000000802 /* Release */,
			);
			defaultConfigurationIsVisible = 0;
			defaultConfigurationName = Release;
		};
		100000000000000000000701 /* Build configuration list for PBXNativeTarget "EmailMac" */ = {
			isa = XCConfigurationList;
			buildConfigurations = (
				100000000000000000000803 /* Debug */,
				100000000000000000000804 /* Release */,
			);
			defaultConfigurationIsVisible = 0;
			defaultConfigurationName = Release;
		};
		100000000000000000000702 /* Build configuration list for PBXNativeTarget "EmailiOS" */ = {
			isa = XCConfigurationList;
			buildConfigurations = (
				100000000000000000000805 /* Debug */,
				100000000000000000000806 /* Release */,
			);
			defaultConfigurationIsVisible = 0;
			defaultConfigurationName = Release;
		};
/* End XCConfigurationList section */
	};
	rootObject = 100000000000000000000001 /* Project object */;
}
